{
  "definitions": [
    {
      "protopath": "generated:/:persistence.memcached.proto",
      "def": {
        "messages": [
          {
            "name": "MemcachedMetadata",
            "fields": [
              {
                "id": 1,
                "name": "numericVersion",
                "type": "org.infinispan.persistence.core.NumericVersion"
              },
              {
                "id": 2,
                "name": "clusteredVersion",
                "type": "org.infinispan.persistence.core.SimpleClusteredVersion"
              },
              {
                "id": 3,
                "name": "lifespan",
                "type": "int64",
                "options": [
                  {
                    "name": "default",
                    "value": "-1"
                  }
                ]
              },
              {
                "id": 5,
                "name": "flags",
                "type": "int64",
                "options": [
                  {
                    "name": "default",
                    "value": "0"
                  }
                ]
              }
            ]
          }
        ],
        "imports": [
          {
            "path": "persistence.core.proto"
          }
        ],
        "package": {
          "name": "org.infinispan.persistence.memcached"
        }
      }
    }
  ]
}