{
  "definitions": [
    {
      "protopath": "generated:/:persistence.jcache.proto",
      "def": {
        "messages": [
          {
            "name": "DefaultCacheKey",
            "fields": [
              {
                "id": 1,
                "name": "parameters",
                "type": "org.infinispan.persistence.core.MarshallableUserObject",
                "is_repeated": true
              }
            ]
          }
        ],
        "imports": [
          {
            "path": "persistence.core.proto"
          }
        ],
        "package": {
          "name": "org.infinispan.persistence.jcache"
        }
      }
    }
  ]
}