{
  "definitions" : [ {
    "protopath" : "generated:/:global.query.core.proto",
    "def" : {
      "enums" : [ {
        "name" : "ContinuousQueryResult.ResultType",
        "type_id" : 4214,
        "enum_fields" : [ {
          "name" : "JOINING"
        }, {
          "name" : "UPDATED",
          "integer" : 1
        }, {
          "name" : "LEAVING",
          "integer" : 2
        } ]
      } ],
      "messages" : [ {
        "name" : "ContinuousQueryResult",
        "type_id" : 4213,
        "fields" : [ {
          "id" : 1,
          "name" : "resultType",
          "type" : "ContinuousQueryResult.ResultType",
          "optional" : true
        }, {
          "id" : 2,
          "name" : "value",
          "type" : "org.infinispan.global.core.MarshallableObject",
          "optional" : true
        }, {
          "id" : 3,
          "name" : "projection",
          "type" : "org.infinispan.global.core.MarshallableArray",
          "optional" : true
        } ]
      }, {
        "name" : "IckleContinuousQueryCacheEventFilterConverter",
        "type_id" : 4212,
        "fields" : [ {
          "id" : 1,
          "name" : "queryString",
          "type" : "string",
          "optional" : true
        }, {
          "id" : 2,
          "name" : "namedParameters",
          "type" : "org.infinispan.global.core.MarshallableMap",
          "optional" : true
        }, {
          "id" : 3,
          "name" : "matcherImplClass",
          "type" : "org.infinispan.global.core.Class",
          "optional" : true
        } ]
      }, {
        "name" : "IckleCacheEventFilterConverter",
        "type_id" : 4211,
        "fields" : [ {
          "id" : 1,
          "name" : "filterAndConverter",
          "type" : "IckleFilterAndConverter",
          "optional" : true
        } ]
      }, {
        "name" : "IckleFilterAndConverter",
        "type_id" : 4216,
        "fields" : [ {
          "id" : 1,
          "name" : "queryString",
          "type" : "string",
          "optional" : true
        }, {
          "id" : 2,
          "name" : "wrappedNamedParameters",
          "type" : "org.infinispan.global.core.MarshallableMap",
          "optional" : true
        }, {
          "id" : 3,
          "name" : "matcherImplClass",
          "type" : "org.infinispan.global.core.Class",
          "optional" : true
        } ]
      }, {
        "name" : "DeleteFunction",
        "type_id" : 4215,
        "fields" : [ ]
      } ],
      "imports" : [ {
        "path" : "global.core.proto"
      } ],
      "package" : {
        "name" : "org.infinispan.global.query.core"
      }
    }
  }, {
    "protopath" : "generated:/:persistence.query.core.proto",
    "def" : {
      "enums" : [ ],
      "messages" : [ {
        "name" : "StatsTask",
        "type_id" : 4207,
        "fields" : [ {
          "id" : 1,
          "name" : "cacheName",
          "type" : "string",
          "optional" : true
        } ]
      }, {
        "name" : "IndexStatisticsSnapshotImpl",
        "type_id" : 4203,
        "fields" : [ {
          "id" : 1,
          "name" : "entries",
          "type" : "IndexEntry",
          "is_repeated" : true
        }, {
          "id" : 2,
          "name" : "reindexing",
          "type" : "bool",
          "optional" : true,
          "options" : [ {
            "name" : "default",
            "value" : "false"
          } ]
        }, {
          "id" : 3,
          "name" : "genericIndexingFailures",
          "type" : "int32",
          "optional" : true,
          "options" : [ {
            "name" : "default",
            "value" : "0"
          } ]
        }, {
          "id" : 4,
          "name" : "entityIndexingFailures",
          "type" : "int32",
          "optional" : true,
          "options" : [ {
            "name" : "default",
            "value" : "0"
          } ]
        } ]
      }, {
        "name" : "QueryMetrics",
        "type_id" : 4201,
        "fields" : [ {
          "id" : 1,
          "name" : "count",
          "type" : "int64",
          "optional" : true,
          "options" : [ {
            "name" : "default",
            "value" : "0"
          } ]
        }, {
          "id" : 2,
          "name" : "totalTime",
          "type" : "int64",
          "optional" : true,
          "options" : [ {
            "name" : "default",
            "value" : "0"
          } ]
        }, {
          "id" : 3,
          "name" : "maxTime",
          "type" : "int64",
          "optional" : true,
          "options" : [ {
            "name" : "default",
            "value" : "0"
          } ]
        }, {
          "id" : 4,
          "name" : "slowest",
          "type" : "string",
          "optional" : true
        } ]
      }, {
        "name" : "SearchStatisticsSnapshotImpl",
        "type_id" : 4206,
        "fields" : [ {
          "id" : 1,
          "name" : "queryStatistics",
          "type" : "LocalQueryStatistics",
          "optional" : true
        }, {
          "id" : 2,
          "name" : "indexStatistics",
          "type" : "IndexStatisticsSnapshotImpl",
          "optional" : true
        } ]
      }, {
        "name" : "IndexInfo",
        "type_id" : 4204,
        "fields" : [ {
          "id" : 1,
          "name" : "count",
          "type" : "int64",
          "optional" : true,
          "options" : [ {
            "name" : "default",
            "value" : "0"
          } ]
        }, {
          "id" : 2,
          "name" : "size",
          "type" : "int64",
          "optional" : true,
          "options" : [ {
            "name" : "default",
            "value" : "0"
          } ]
        } ]
      }, {
        "name" : "IndexEntry",
        "type_id" : 4205,
        "fields" : [ {
          "id" : 1,
          "name" : "name",
          "type" : "string",
          "optional" : true
        }, {
          "id" : 2,
          "name" : "indexInfo",
          "type" : "IndexInfo",
          "optional" : true
        } ]
      }, {
        "name" : "LocalQueryStatistics",
        "type_id" : 4202,
        "fields" : [ {
          "id" : 1,
          "name" : "localIndexedQueries",
          "type" : "QueryMetrics",
          "optional" : true
        }, {
          "id" : 2,
          "name" : "distIndexedQueries",
          "type" : "QueryMetrics",
          "optional" : true
        }, {
          "id" : 3,
          "name" : "hybridQueries",
          "type" : "QueryMetrics",
          "optional" : true
        }, {
          "id" : 4,
          "name" : "nonIndexedQueries",
          "type" : "QueryMetrics",
          "optional" : true
        }, {
          "id" : 5,
          "name" : "loads",
          "type" : "QueryMetrics",
          "optional" : true
        } ]
      } ],
      "package" : {
        "name" : "org.infinispan.persistence.query.core"
      }
    }
  } ]
}