{
  "definitions" : [ {
    "protopath" : "org:/:infinispan:/:persistence:/:rocksdb:/:persistence.rocksdb.proto",
    "def" : {
      "enums" : [ ],
      "messages" : [ {
        "name" : "ExpiryBucket",
        "type_id" : 5100,
        "fields" : [ {
          "id" : 1,
          "name" : "entries",
          "type" : "bytes",
          "is_repeated" : true
        } ]
      }, {
        "name" : "MetadataImpl",
        "type_id" : 5101,
        "fields" : [ {
          "id" : 1,
          "name" : "version",
          "type" : "int32",
          "optional" : true,
          "options" : [ {
            "name" : "default",
            "value" : "-1"
          } ]
        } ]
      } ],
      "package" : {
        "name" : "org.infinispan.persistence.rocksdb"
      }
    }
  } ]
}