{
  "definitions" : [ {
    "protopath" : "org:/:infinispan:/:persistence:/:jdbc:/:persistence.jdbc.proto",
    "def" : {
      "enums" : [ ],
      "messages" : [ {
        "name" : "MetadataImpl",
        "type_id" : 5800,
        "fields" : [ {
          "id" : 1,
          "name" : "version",
          "type" : "int32",
          "optional" : true,
          "options" : [ {
            "name" : "default",
            "value" : "-1"
          } ]
        }, {
          "id" : 2,
          "name" : "segments",
          "type" : "int32",
          "optional" : true,
          "options" : [ {
            "name" : "default",
            "value" : "-1"
          } ]
        } ]
      } ],
      "package" : {
        "name" : "org.infinispan.persistence.jdbc"
      }
    }
  } ]
}