{
  "definitions" : [ {
    "protopath" : "generated:/:persistence.resp.proto",
    "def" : {
      "enums" : [ ],
      "messages" : [ {
        "name" : "GlobMatchFilterConverter",
        "fields" : [ {
          "id" : 1,
          "name" : "glob",
          "type" : "string",
          "optional" : true
        }, {
          "id" : 2,
          "name" : "returnValue",
          "type" : "bool",
          "optional" : true,
          "options" : [ {
            "name" : "default",
            "value" : "false"
          } ]
        } ]
      }, {
        "name" : "CompactSet",
        "type_id" : 6103,
        "fields" : [ {
          "id" : 1,
          "name" : "store",
          "type" : "int64",
          "is_repeated" : true
        }, {
          "id" : 2,
          "name" : "multiplicity",
          "type" : "uint32",
          "is_repeated" : true
        }, {
          "id" : 3,
          "name" : "minimum",
          "type" : "uint32",
          "optional" : true,
          "options" : [ {
            "name" : "default",
            "value" : "0"
          } ]
        } ]
      }, {
        "name" : "RespTypeFilterConverter",
        "fields" : [ {
          "id" : 1,
          "name" : "ordinal",
          "type" : "int32",
          "optional" : true,
          "options" : [ {
            "name" : "default",
            "value" : "0"
          } ]
        } ]
      }, {
        "name" : "HyperLogLog",
        "type_id" : 6101,
        "fields" : [ {
          "id" : 1,
          "name" : "explicit",
          "type" : "ExplicitSet",
          "optional" : true
        }, {
          "id" : 2,
          "name" : "compact",
          "type" : "CompactSet",
          "optional" : true
        } ]
      }, {
        "name" : "ExplicitSet",
        "type_id" : 6102,
        "fields" : [ {
          "id" : 1,
          "name" : "storage",
          "type" : "int64",
          "is_repeated" : true
        } ]
      } ],
      "package" : {
        "name" : "org.infinispan.persistence.resp"
      }
    }
  } ]
}
