{
  "definitions" : [ {
    "protopath" : "generated:/:query.proto",
    "def" : {
      "enums" : [ {
        "name" : "ContinuousQueryResult.ResultType",
        "enum_fields" : [ {
          "name" : "UNUSED"
        }, {
          "name" : "JOINING",
          "integer" : 1
        }, {
          "name" : "UPDATED",
          "integer" : 2
        }, {
          "name" : "LEAVING",
          "integer" : 3
        } ]
      } ],
      "messages" : [ {
        "name" : "FilterResult",
        "type_id" : 4402,
        "fields" : [ {
          "id" : 1,
          "name" : "instance",
          "type" : "org.infinispan.protostream.WrappedMessage",
          "optional" : true
        }, {
          "id" : 2,
          "name" : "projection",
          "type" : "org.infinispan.protostream.WrappedMessage",
          "is_repeated" : true
        }, {
          "id" : 3,
          "name" : "sortProjection",
          "type" : "org.infinispan.protostream.WrappedMessage",
          "is_repeated" : true
        } ]
      }, {
        "name" : "ContinuousQueryResult",
        "type_id" : 4403,
        "fields" : [ {
          "id" : 1,
          "name" : "resultType",
          "type" : "ContinuousQueryResult.ResultType",
          "optional" : true
        }, {
          "id" : 2,
          "name" : "key",
          "type" : "bytes",
          "optional" : true
        }, {
          "id" : 3,
          "name" : "value",
          "type" : "bytes",
          "optional" : true
        }, {
          "id" : 4,
          "name" : "projection",
          "type" : "org.infinispan.protostream.WrappedMessage",
          "is_repeated" : true
        } ]
      }, {
        "name" : "QueryRequest",
        "type_id" : 4400,
        "fields" : [ {
          "id" : 1,
          "name" : "queryString",
          "type" : "string",
          "optional" : true
        }, {
          "id" : 3,
          "name" : "startOffset",
          "type" : "int64",
          "optional" : true
        }, {
          "id" : 4,
          "name" : "maxResults",
          "type" : "int32",
          "optional" : true
        }, {
          "id" : 5,
          "name" : "namedParameters",
          "type" : "QueryRequest.NamedParameter",
          "is_repeated" : true
        }, {
          "id" : 6,
          "name" : "local",
          "type" : "bool",
          "optional" : true
        }, {
          "id" : 7,
          "name" : "hitCountAccuracy",
          "type" : "int32",
          "optional" : true
        } ],
        "messages" : [ {
          "name" : "NamedParameter",
          "fields" : [ {
            "id" : 1,
            "name" : "name",
            "type" : "string",
            "optional" : true
          }, {
            "id" : 2,
            "name" : "value",
            "type" : "org.infinispan.protostream.WrappedMessage",
            "optional" : true
          } ]
        } ]
      }, {
        "name" : "QueryResponse",
        "type_id" : 4401,
        "fields" : [ {
          "id" : 1,
          "name" : "numResults",
          "type" : "int32",
          "optional" : true
        }, {
          "id" : 2,
          "name" : "projectionSize",
          "type" : "int32",
          "optional" : true
        }, {
          "id" : 3,
          "name" : "results",
          "type" : "org.infinispan.protostream.WrappedMessage",
          "is_repeated" : true
        }, {
          "id" : 4,
          "name" : "hitCount",
          "type" : "int32",
          "optional" : true
        }, {
          "id" : 5,
          "name" : "hitCountExact",
          "type" : "bool",
          "optional" : true
        } ]
      } ],
      "imports" : [ {
        "path" : "org/infinispan/protostream/message-wrapping.proto"
      } ],
      "package" : {
        "name" : "org.infinispan.query.remote.client"
      }
    }
  } ]
}