{
  "definitions" : [ {
    "protopath" : "org:/:infinispan:/:server:/:rest:/:global.server.rest.proto",
    "def" : {
      "enums" : [ ],
      "messages" : [ {
        "name" : "NodeDistributionInfo",
        "type_id" : 6001,
        "fields" : [ {
          "id" : 1,
          "name" : "name",
          "type" : "string",
          "optional" : true
        }, {
          "id" : 2,
          "name" : "addresses",
          "type" : "string",
          "is_repeated" : true
        }, {
          "id" : 3,
          "name" : "memoryAvailable",
          "type" : "int64",
          "optional" : true
        }, {
          "id" : 4,
          "name" : "memoryUsed",
          "type" : "int64",
          "optional" : true
        } ]
      }, {
        "name" : "CacheDistributionInfo",
        "type_id" : 6000,
        "fields" : [ {
          "id" : 1,
          "name" : "name",
          "type" : "string",
          "optional" : true
        }, {
          "id" : 2,
          "name" : "addresses",
          "type" : "string",
          "is_repeated" : true
        }, {
          "id" : 3,
          "name" : "memoryEntries",
          "type" : "int64",
          "optional" : true
        }, {
          "id" : 4,
          "name" : "totalEntries",
          "type" : "int64",
          "optional" : true
        }, {
          "id" : 5,
          "name" : "memoryUsed",
          "type" : "int64",
          "optional" : true
        } ]
      }, {
        "name" : "KeyDistributionInfo",
        "type_id" : 6002,
        "fields" : [ {
          "id" : 1,
          "name" : "name",
          "type" : "string",
          "optional" : true
        }, {
          "id" : 2,
          "name" : "primary",
          "type" : "bool",
          "optional" : true
        }, {
          "id" : 3,
          "name" : "addresses",
          "type" : "string",
          "is_repeated" : true
        } ]
      } ],
      "package" : {
        "name" : "org.infinispan.global.server.rest"
      }
    }
  } ]
}