{
  "definitions": [
    {
      "protopath": "generated:/:persistence.distribution.proto",
      "def": {
        "messages": [
          {
            "name": "CacheDistributionRunnable",
            "fields": [
              {
                "id": 1,
                "name": "cacheName",
                "type": "string"
              }
            ]
          },
          {
            "name": "CacheDistributionInfo",
            "fields": [
              {
                "id": 1,
                "name": "name",
                "type": "string"
              },
              {
                "id": 2,
                "name": "addresses",
                "type": "string",
                "is_repeated": true
              },
              {
                "id": 3,
                "name": "memoryEntries",
                "type": "int64",
                "options": [
                  {
                    "name": "default",
                    "value": "0"
                  }
                ]
              },
              {
                "id": 4,
                "name": "totalEntries",
                "type": "int64",
                "options": [
                  {
                    "name": "default",
                    "value": "0"
                  }
                ]
              }
            ]
          },
          {
            "name": "NodeDistributionInfo",
            "fields": [
              {
                "id": 1,
                "name": "name",
                "type": "string"
              },
              {
                "id": 2,
                "name": "addresses",
                "type": "string",
                "is_repeated": true
              },
              {
                "id": 3,
                "name": "memoryAvailable",
                "type": "int64",
                "options": [
                  {
                    "name": "default",
                    "value": "0"
                  }
                ]
              },
              {
                "id": 4,
                "name": "memoryUsed",
                "type": "int64",
                "options": [
                  {
                    "name": "default",
                    "value": "0"
                  }
                ]
              }
            ]
          }
        ],
        "package": {
          "name": "org.infinispan.persistence.distribution"
        }
      }
    }
  ]
}