{
  "definitions": [
    {
      "protopath": "generated:/:persistence.multimap.proto",
      "def": {
        "messages": [
          {
            "name": "Bucket",
            "fields": [
              {
                "id": 1,
                "name": "wrappedValues",
                "type": "org.infinispan.persistence.core.MarshallableUserObject",
                "is_repeated": true
              }
            ]
          },
          {
            "name": "ListBucket",
            "fields": [
              {
                "id": 1,
                "name": "wrappedValues",
                "type": "org.infinispan.persistence.core.MarshallableUserObject",
                "is_repeated": true
              }
            ]
          },
          {
            "name": "SetBucket",
            "fields": [
              {
                "id": 1,
                "name": "wrappedValues",
                "type": "org.infinispan.persistence.core.MarshallableUserObject",
                "is_repeated": true
              }
            ]
          },
          {
            "name": "MultimapObjectWrapper",
            "fields": [
              {
                "id": 1,
                "name": "wrapper",
                "type": "org.infinispan.persistence.core.MarshallableUserObject"
              }
            ]
          },
          {
            "name": "HashMapBucket",
            "fields": [
              {
                "id": 1,
                "name": "wrappedValues",
                "type": "HashMapBucket.BucketEntry",
                "is_repeated": true
              }
            ],
            "messages": [
              {
                "name": "BucketEntry",
                "fields": [
                  {
                    "id": 1,
                    "name": "wrappedKey",
                    "type": "org.infinispan.persistence.core.MarshallableUserObject"
                  },
                  {
                    "id": 2,
                    "name": "wrappedValue",
                    "type": "org.infinispan.persistence.core.MarshallableUserObject"
                  }
                ]
              }
            ]
          }
        ],
        "imports": [
          {
            "path": "persistence.core.proto"
          }
        ],
        "package": {
          "name": "org.infinispan.persistence.multimap"
        }
      }
    }
  ]
}